// !$*UTF8*$!
{
	archiveVersion = 1;
	classes = {
	};
	objectVersion = 56;
	objects = {

/* Begin PBXBuildFile section */
		EA76CE7229DED63D009EC960 /* FingerCrossedApp.swift in Sources */ = {isa = PBXBuildFile; fileRef = EA76CE7129DED63D009EC960 /* FingerCrossedApp.swift */; };
		EA76CE7629DED63E009EC960 /* Assets.xcassets in Resources */ = {isa = PBXBuildFile; fileRef = EA76CE7529DED63E009EC960 /* Assets.xcassets */; };
		EA76CE7929DED63E009EC960 /* Preview Assets.xcassets in Resources */ = {isa = PBXBuildFile; fileRef = EA76CE7829DED63E009EC960 /* Preview Assets.xcassets */; };
		EA76CE8329DED63E009EC960 /* FingerCrossedTests.swift in Sources */ = {isa = PBXBuildFile; fileRef = EA76CE8229DED63E009EC960 /* FingerCrossedTests.swift */; };
		EA76CE8D29DED63E009EC960 /* FingerCrossedUITests.swift in Sources */ = {isa = PBXBuildFile; fileRef = EA76CE8C29DED63E009EC960 /* FingerCrossedUITests.swift */; };
		EA76CE8F29DED63E009EC960 /* FingerCrossedUITestsLaunchTests.swift in Sources */ = {isa = PBXBuildFile; fileRef = EA76CE8E29DED63E009EC960 /* FingerCrossedUITestsLaunchTests.swift */; };
		EA76CEA029DED925009EC960 /* Countries.geojson in Resources */ = {isa = PBXBuildFile; fileRef = EA76CE9F29DED925009EC960 /* Countries.geojson */; };
		EA76CEA329DEDA18009EC960 /* AzoSans-Medium.ttf in Resources */ = {isa = PBXBuildFile; fileRef = EA76CEA229DEDA18009EC960 /* AzoSans-Medium.ttf */; };
		EA76CEA529DEDA2E009EC960 /* AzoSans-Regular.ttf in Resources */ = {isa = PBXBuildFile; fileRef = EA76CEA429DEDA2E009EC960 /* AzoSans-Regular.ttf */; };
		EA76CEA729DEDA37009EC960 /* AzoSans-Bold.ttf in Resources */ = {isa = PBXBuildFile; fileRef = EA76CEA629DEDA37009EC960 /* AzoSans-Bold.ttf */; };
		EA76CEA929DEDA5F009EC960 /* Extensions.swift in Sources */ = {isa = PBXBuildFile; fileRef = EA76CEA829DEDA5F009EC960 /* Extensions.swift */; };
		EA76CEB129DEDBF9009EC960 /* EntryLogo.swift in Sources */ = {isa = PBXBuildFile; fileRef = EA76CEB029DEDBF9009EC960 /* EntryLogo.swift */; };
		EA76CEBD29DEDC56009EC960 /* Countries.swift in Sources */ = {isa = PBXBuildFile; fileRef = EA76CEB229DEDC55009EC960 /* Countries.swift */; };
		EA76CEBE29DEDC56009EC960 /* SSOButton.swift in Sources */ = {isa = PBXBuildFile; fileRef = EA76CEB329DEDC55009EC960 /* SSOButton.swift */; };
		EA76CEBF29DEDC56009EC960 /* InputHelper.swift in Sources */ = {isa = PBXBuildFile; fileRef = EA76CEB429DEDC55009EC960 /* InputHelper.swift */; };
		EA76CEC029DEDC56009EC960 /* DatePickerTextField.swift in Sources */ = {isa = PBXBuildFile; fileRef = EA76CEB529DEDC55009EC960 /* DatePickerTextField.swift */; };
		EA76CEC129DEDC56009EC960 /* RadioButton.swift in Sources */ = {isa = PBXBuildFile; fileRef = EA76CEB629DEDC55009EC960 /* RadioButton.swift */; };
		EA76CEC229DEDC56009EC960 /* IconButton.swift in Sources */ = {isa = PBXBuildFile; fileRef = EA76CEB729DEDC55009EC960 /* IconButton.swift */; };
		EA76CEC329DEDC56009EC960 /* PrimaryButton.swift in Sources */ = {isa = PBXBuildFile; fileRef = EA76CEB829DEDC55009EC960 /* PrimaryButton.swift */; };
		EA76CEC429DEDC56009EC960 /* PrimaryInputBar.swift in Sources */ = {isa = PBXBuildFile; fileRef = EA76CEB929DEDC56009EC960 /* PrimaryInputBar.swift */; };
		EA76CEC529DEDC56009EC960 /* NationalityPickerView.swift in Sources */ = {isa = PBXBuildFile; fileRef = EA76CEBA29DEDC56009EC960 /* NationalityPickerView.swift */; };
		EA76CEC629DEDC56009EC960 /* DividerWithLabel.swift in Sources */ = {isa = PBXBuildFile; fileRef = EA76CEBB29DEDC56009EC960 /* DividerWithLabel.swift */; };
		EA76CEC729DEDC56009EC960 /* ViewLink.swift in Sources */ = {isa = PBXBuildFile; fileRef = EA76CEBC29DEDC56009EC960 /* ViewLink.swift */; };
		EA76CED029DEDCFA009EC960 /* SignUpAccountView.swift in Sources */ = {isa = PBXBuildFile; fileRef = EA76CECA29DEDCFA009EC960 /* SignUpAccountView.swift */; };
		EA76CED129DEDCFA009EC960 /* SignUpNationalityView.swift in Sources */ = {isa = PBXBuildFile; fileRef = EA76CECB29DEDCFA009EC960 /* SignUpNationalityView.swift */; };
		EA76CED229DEDCFA009EC960 /* SignUpBirthdateView.swift in Sources */ = {isa = PBXBuildFile; fileRef = EA76CECC29DEDCFA009EC960 /* SignUpBirthdateView.swift */; };
		EA76CED329DEDCFA009EC960 /* SignUpAvatarView.swift in Sources */ = {isa = PBXBuildFile; fileRef = EA76CECD29DEDCFA009EC960 /* SignUpAvatarView.swift */; };
		EA76CED429DEDCFA009EC960 /* SignUpGenderView.swift in Sources */ = {isa = PBXBuildFile; fileRef = EA76CECE29DEDCFA009EC960 /* SignUpGenderView.swift */; };
		EA76CED529DEDCFA009EC960 /* SignUpNameView.swift in Sources */ = {isa = PBXBuildFile; fileRef = EA76CECF29DEDCFA009EC960 /* SignUpNameView.swift */; };
		EA76CEDB29DEDD3A009EC960 /* ResetPasswordEmailCheckView.swift in Sources */ = {isa = PBXBuildFile; fileRef = EA76CED629DEDD3A009EC960 /* ResetPasswordEmailCheckView.swift */; };
		EA76CEDC29DEDD3A009EC960 /* EntryView.swift in Sources */ = {isa = PBXBuildFile; fileRef = EA76CED729DEDD3A009EC960 /* EntryView.swift */; };
		EA76CEDD29DEDD3A009EC960 /* SignInView.swift in Sources */ = {isa = PBXBuildFile; fileRef = EA76CED829DEDD3A009EC960 /* SignInView.swift */; };
		EA76CEDE29DEDD3A009EC960 /* LandingView.swift in Sources */ = {isa = PBXBuildFile; fileRef = EA76CED929DEDD3A009EC960 /* LandingView.swift */; };
		EA76CEDF29DEDD3A009EC960 /* ResetPasswordView.swift in Sources */ = {isa = PBXBuildFile; fileRef = EA76CEDA29DEDD3A009EC960 /* ResetPasswordView.swift */; };
/* End PBXBuildFile section */

/* Begin PBXContainerItemProxy section */
		EA76CE7F29DED63E009EC960 /* PBXContainerItemProxy */ = {
			isa = PBXContainerItemProxy;
			containerPortal = EA76CE6629DED63D009EC960 /* Project object */;
			proxyType = 1;
			remoteGlobalIDString = EA76CE6D29DED63D009EC960;
			remoteInfo = FingerCrossed;
		};
		EA76CE8929DED63E009EC960 /* PBXContainerItemProxy */ = {
			isa = PBXContainerItemProxy;
			containerPortal = EA76CE6629DED63D009EC960 /* Project object */;
			proxyType = 1;
			remoteGlobalIDString = EA76CE6D29DED63D009EC960;
			remoteInfo = FingerCrossed;
		};
/* End PBXContainerItemProxy section */

/* Begin PBXFileReference section */
		EA76CE6E29DED63D009EC960 /* FingerCrossed.app */ = {isa = PBXFileReference; explicitFileType = wrapper.application; includeInIndex = 0; path = FingerCrossed.app; sourceTree = BUILT_PRODUCTS_DIR; };
		EA76CE7129DED63D009EC960 /* FingerCrossedApp.swift */ = {isa = PBXFileReference; lastKnownFileType = sourcecode.swift; path = FingerCrossedApp.swift; sourceTree = "<group>"; };
		EA76CE7529DED63E009EC960 /* Assets.xcassets */ = {isa = PBXFileReference; lastKnownFileType = folder.assetcatalog; path = Assets.xcassets; sourceTree = "<group>"; };
		EA76CE7829DED63E009EC960 /* Preview Assets.xcassets */ = {isa = PBXFileReference; lastKnownFileType = folder.assetcatalog; path = "Preview Assets.xcassets"; sourceTree = "<group>"; };
		EA76CE7E29DED63E009EC960 /* FingerCrossedTests.xctest */ = {isa = PBXFileReference; explicitFileType = wrapper.cfbundle; includeInIndex = 0; path = FingerCrossedTests.xctest; sourceTree = BUILT_PRODUCTS_DIR; };
		EA76CE8229DED63E009EC960 /* FingerCrossedTests.swift */ = {isa = PBXFileReference; lastKnownFileType = sourcecode.swift; path = FingerCrossedTests.swift; sourceTree = "<group>"; };
		EA76CE8829DED63E009EC960 /* FingerCrossedUITests.xctest */ = {isa = PBXFileReference; explicitFileType = wrapper.cfbundle; includeInIndex = 0; path = FingerCrossedUITests.xctest; sourceTree = BUILT_PRODUCTS_DIR; };
		EA76CE8C29DED63E009EC960 /* FingerCrossedUITests.swift */ = {isa = PBXFileReference; lastKnownFileType = sourcecode.swift; path = FingerCrossedUITests.swift; sourceTree = "<group>"; };
		EA76CE8E29DED63E009EC960 /* FingerCrossedUITestsLaunchTests.swift */ = {isa = PBXFileReference; lastKnownFileType = sourcecode.swift; path = FingerCrossedUITestsLaunchTests.swift; sourceTree = "<group>"; };
		EA76CE9F29DED925009EC960 /* Countries.geojson */ = {isa = PBXFileReference; lastKnownFileType = text; path = Countries.geojson; sourceTree = "<group>"; };
		EA76CEA229DEDA18009EC960 /* AzoSans-Medium.ttf */ = {isa = PBXFileReference; lastKnownFileType = file; name = "AzoSans-Medium.ttf"; path = "../../../../../fccode-frontend/FingerCrossed/FingerCrossed/Resources/Font/AzoSans-Medium.ttf"; sourceTree = "<group>"; };
		EA76CEA429DEDA2E009EC960 /* AzoSans-Regular.ttf */ = {isa = PBXFileReference; lastKnownFileType = file; name = "AzoSans-Regular.ttf"; path = "../../../../../fccode-frontend/FingerCrossed/FingerCrossed/Resources/Font/AzoSans-Regular.ttf"; sourceTree = "<group>"; };
		EA76CEA629DEDA37009EC960 /* AzoSans-Bold.ttf */ = {isa = PBXFileReference; lastKnownFileType = file; name = "AzoSans-Bold.ttf"; path = "../../../../../fccode-frontend/FingerCrossed/FingerCrossed/Resources/Font/AzoSans-Bold.ttf"; sourceTree = "<group>"; };
		EA76CEA829DEDA5F009EC960 /* Extensions.swift */ = {isa = PBXFileReference; lastKnownFileType = sourcecode.swift; path = Extensions.swift; sourceTree = "<group>"; };
		EA76CEAA29DEDAC5009EC960 /* Info.plist */ = {isa = PBXFileReference; lastKnownFileType = text.plist; path = Info.plist; sourceTree = "<group>"; };
		EA76CEB029DEDBF9009EC960 /* EntryLogo.swift */ = {isa = PBXFileReference; lastKnownFileType = sourcecode.swift; path = EntryLogo.swift; sourceTree = "<group>"; };
		EA76CEB229DEDC55009EC960 /* Countries.swift */ = {isa = PBXFileReference; fileEncoding = 4; lastKnownFileType = sourcecode.swift; path = Countries.swift; sourceTree = "<group>"; };
		EA76CEB329DEDC55009EC960 /* SSOButton.swift */ = {isa = PBXFileReference; fileEncoding = 4; lastKnownFileType = sourcecode.swift; path = SSOButton.swift; sourceTree = "<group>"; };
		EA76CEB429DEDC55009EC960 /* InputHelper.swift */ = {isa = PBXFileReference; fileEncoding = 4; lastKnownFileType = sourcecode.swift; path = InputHelper.swift; sourceTree = "<group>"; };
		EA76CEB529DEDC55009EC960 /* DatePickerTextField.swift */ = {isa = PBXFileReference; fileEncoding = 4; lastKnownFileType = sourcecode.swift; path = DatePickerTextField.swift; sourceTree = "<group>"; };
		EA76CEB629DEDC55009EC960 /* RadioButton.swift */ = {isa = PBXFileReference; fileEncoding = 4; lastKnownFileType = sourcecode.swift; path = RadioButton.swift; sourceTree = "<group>"; };
		EA76CEB729DEDC55009EC960 /* IconButton.swift */ = {isa = PBXFileReference; fileEncoding = 4; lastKnownFileType = sourcecode.swift; path = IconButton.swift; sourceTree = "<group>"; };
		EA76CEB829DEDC55009EC960 /* PrimaryButton.swift */ = {isa = PBXFileReference; fileEncoding = 4; lastKnownFileType = sourcecode.swift; path = PrimaryButton.swift; sourceTree = "<group>"; };
		EA76CEB929DEDC56009EC960 /* PrimaryInputBar.swift */ = {isa = PBXFileReference; fileEncoding = 4; lastKnownFileType = sourcecode.swift; path = PrimaryInputBar.swift; sourceTree = "<group>"; };
		EA76CEBA29DEDC56009EC960 /* NationalityPickerView.swift */ = {isa = PBXFileReference; fileEncoding = 4; lastKnownFileType = sourcecode.swift; path = NationalityPickerView.swift; sourceTree = "<group>"; };
		EA76CEBB29DEDC56009EC960 /* DividerWithLabel.swift */ = {isa = PBXFileReference; fileEncoding = 4; lastKnownFileType = sourcecode.swift; path = DividerWithLabel.swift; sourceTree = "<group>"; };
		EA76CEBC29DEDC56009EC960 /* ViewLink.swift */ = {isa = PBXFileReference; fileEncoding = 4; lastKnownFileType = sourcecode.swift; path = ViewLink.swift; sourceTree = "<group>"; };
		EA76CECA29DEDCFA009EC960 /* SignUpAccountView.swift */ = {isa = PBXFileReference; fileEncoding = 4; lastKnownFileType = sourcecode.swift; path = SignUpAccountView.swift; sourceTree = "<group>"; };
		EA76CECB29DEDCFA009EC960 /* SignUpNationalityView.swift */ = {isa = PBXFileReference; fileEncoding = 4; lastKnownFileType = sourcecode.swift; path = SignUpNationalityView.swift; sourceTree = "<group>"; };
		EA76CECC29DEDCFA009EC960 /* SignUpBirthdateView.swift */ = {isa = PBXFileReference; fileEncoding = 4; lastKnownFileType = sourcecode.swift; path = SignUpBirthdateView.swift; sourceTree = "<group>"; };
		EA76CECD29DEDCFA009EC960 /* SignUpAvatarView.swift */ = {isa = PBXFileReference; fileEncoding = 4; lastKnownFileType = sourcecode.swift; path = SignUpAvatarView.swift; sourceTree = "<group>"; };
		EA76CECE29DEDCFA009EC960 /* SignUpGenderView.swift */ = {isa = PBXFileReference; fileEncoding = 4; lastKnownFileType = sourcecode.swift; path = SignUpGenderView.swift; sourceTree = "<group>"; };
		EA76CECF29DEDCFA009EC960 /* SignUpNameView.swift */ = {isa = PBXFileReference; fileEncoding = 4; lastKnownFileType = sourcecode.swift; path = SignUpNameView.swift; sourceTree = "<group>"; };
		EA76CED629DEDD3A009EC960 /* ResetPasswordEmailCheckView.swift */ = {isa = PBXFileReference; fileEncoding = 4; lastKnownFileType = sourcecode.swift; path = ResetPasswordEmailCheckView.swift; sourceTree = "<group>"; };
		EA76CED729DEDD3A009EC960 /* EntryView.swift */ = {isa = PBXFileReference; fileEncoding = 4; lastKnownFileType = sourcecode.swift; path = EntryView.swift; sourceTree = "<group>"; };
		EA76CED829DEDD3A009EC960 /* SignInView.swift */ = {isa = PBXFileReference; fileEncoding = 4; lastKnownFileType = sourcecode.swift; path = SignInView.swift; sourceTree = "<group>"; };
		EA76CED929DEDD3A009EC960 /* LandingView.swift */ = {isa = PBXFileReference; fileEncoding = 4; lastKnownFileType = sourcecode.swift; path = LandingView.swift; sourceTree = "<group>"; };
		EA76CEDA29DEDD3A009EC960 /* ResetPasswordView.swift */ = {isa = PBXFileReference; fileEncoding = 4; lastKnownFileType = sourcecode.swift; path = ResetPasswordView.swift; sourceTree = "<group>"; };
/* End PBXFileReference section */

/* Begin PBXFrameworksBuildPhase section */
		EA76CE6B29DED63D009EC960 /* Frameworks */ = {
			isa = PBXFrameworksBuildPhase;
			buildActionMask = 2147483647;
			files = (
			);
			runOnlyForDeploymentPostprocessing = 0;
		};
		EA76CE7B29DED63E009EC960 /* Frameworks */ = {
			isa = PBXFrameworksBuildPhase;
			buildActionMask = 2147483647;
			files = (
			);
			runOnlyForDeploymentPostprocessing = 0;
		};
		EA76CE8529DED63E009EC960 /* Frameworks */ = {
			isa = PBXFrameworksBuildPhase;
			buildActionMask = 2147483647;
			files = (
			);
			runOnlyForDeploymentPostprocessing = 0;
		};
/* End PBXFrameworksBuildPhase section */

/* Begin PBXGroup section */
		EA76CE6529DED63D009EC960 = {
			isa = PBXGroup;
			children = (
				EA76CE7029DED63D009EC960 /* FingerCrossed */,
				EA76CE8129DED63E009EC960 /* FingerCrossedTests */,
				EA76CE8B29DED63E009EC960 /* FingerCrossedUITests */,
				EA76CE6F29DED63D009EC960 /* Products */,
			);
			sourceTree = "<group>";
		};
		EA76CE6F29DED63D009EC960 /* Products */ = {
			isa = PBXGroup;
			children = (
				EA76CE6E29DED63D009EC960 /* FingerCrossed.app */,
				EA76CE7E29DED63E009EC960 /* FingerCrossedTests.xctest */,
				EA76CE8829DED63E009EC960 /* FingerCrossedUITests.xctest */,
			);
			name = Products;
			sourceTree = "<group>";
		};
		EA76CE7029DED63D009EC960 /* FingerCrossed */ = {
			isa = PBXGroup;
			children = (
				EA76CEAA29DEDAC5009EC960 /* Info.plist */,
				EA76CE9B29DED81E009EC960 /* App */,
				EA76CE9C29DED864009EC960 /* Core */,
				EA76CE9E29DED87E009EC960 /* Extensions */,
				EA76CE7729DED63E009EC960 /* Preview Content */,
				EA76CE9D29DED86D009EC960 /* Resources */,
			);
			path = FingerCrossed;
			sourceTree = "<group>";
		};
		EA76CE7729DED63E009EC960 /* Preview Content */ = {
			isa = PBXGroup;
			children = (
				EA76CE7829DED63E009EC960 /* Preview Assets.xcassets */,
			);
			path = "Preview Content";
			sourceTree = "<group>";
		};
		EA76CE8129DED63E009EC960 /* FingerCrossedTests */ = {
			isa = PBXGroup;
			children = (
				EA76CE8229DED63E009EC960 /* FingerCrossedTests.swift */,
			);
			path = FingerCrossedTests;
			sourceTree = "<group>";
		};
		EA76CE8B29DED63E009EC960 /* FingerCrossedUITests */ = {
			isa = PBXGroup;
			children = (
				EA76CE8C29DED63E009EC960 /* FingerCrossedUITests.swift */,
				EA76CE8E29DED63E009EC960 /* FingerCrossedUITestsLaunchTests.swift */,
			);
			path = FingerCrossedUITests;
			sourceTree = "<group>";
		};
		EA76CE9B29DED81E009EC960 /* App */ = {
			isa = PBXGroup;
			children = (
				EA76CE7129DED63D009EC960 /* FingerCrossedApp.swift */,
			);
			path = App;
			sourceTree = "<group>";
		};
		EA76CE9C29DED864009EC960 /* Core */ = {
			isa = PBXGroup;
			children = (
				EA76CEAB29DEDB3B009EC960 /* Component */,
				EA76CEAC29DEDB46009EC960 /* Entry */,
				EA76CEE029DEE052009EC960 /* Model */,
			);
			path = Core;
			sourceTree = "<group>";
		};
		EA76CE9D29DED86D009EC960 /* Resources */ = {
			isa = PBXGroup;
			children = (
				EA76CEA129DED9EB009EC960 /* Font */,
				EA76CE7529DED63E009EC960 /* Assets.xcassets */,
				EA76CE9F29DED925009EC960 /* Countries.geojson */,
			);
			path = Resources;
			sourceTree = "<group>";
		};
		EA76CE9E29DED87E009EC960 /* Extensions */ = {
			isa = PBXGroup;
			children = (
				EA76CEA829DEDA5F009EC960 /* Extensions.swift */,
			);
			path = Extensions;
			sourceTree = "<group>";
		};
		EA76CEA129DED9EB009EC960 /* Font */ = {
			isa = PBXGroup;
			children = (
				EA76CEA629DEDA37009EC960 /* AzoSans-Bold.ttf */,
				EA76CEA229DEDA18009EC960 /* AzoSans-Medium.ttf */,
				EA76CEA429DEDA2E009EC960 /* AzoSans-Regular.ttf */,
			);
			path = Font;
			sourceTree = "<group>";
		};
		EA76CEAB29DEDB3B009EC960 /* Component */ = {
			isa = PBXGroup;
			children = (
				EA76CEB529DEDC55009EC960 /* DatePickerTextField.swift */,
				EA76CEBB29DEDC56009EC960 /* DividerWithLabel.swift */,
				EA76CEB029DEDBF9009EC960 /* EntryLogo.swift */,
				EA76CEB729DEDC55009EC960 /* IconButton.swift */,
				EA76CEB429DEDC55009EC960 /* InputHelper.swift */,
				EA76CEBA29DEDC56009EC960 /* NationalityPickerView.swift */,
				EA76CEB829DEDC55009EC960 /* PrimaryButton.swift */,
				EA76CEB929DEDC56009EC960 /* PrimaryInputBar.swift */,
				EA76CEB629DEDC55009EC960 /* RadioButton.swift */,
				EA76CEB329DEDC55009EC960 /* SSOButton.swift */,
				EA76CEBC29DEDC56009EC960 /* ViewLink.swift */,
			);
			path = Component;
			sourceTree = "<group>";
		};
		EA76CEAC29DEDB46009EC960 /* Entry */ = {
			isa = PBXGroup;
			children = (
				EA76CED729DEDD3A009EC960 /* EntryView.swift */,
				EA76CED929DEDD3A009EC960 /* LandingView.swift */,
				EA76CEC929DEDCC2009EC960 /* SignUp */,
				EA76CEC829DEDCBC009EC960 /* SignIn */,
			);
			path = Entry;
			sourceTree = "<group>";
		};
		EA76CEC829DEDCBC009EC960 /* SignIn */ = {
			isa = PBXGroup;
			children = (
				EA76CED629DEDD3A009EC960 /* ResetPasswordEmailCheckView.swift */,
				EA76CEDA29DEDD3A009EC960 /* ResetPasswordView.swift */,
				EA76CED829DEDD3A009EC960 /* SignInView.swift */,
			);
			path = SignIn;
			sourceTree = "<group>";
		};
		EA76CEC929DEDCC2009EC960 /* SignUp */ = {
			isa = PBXGroup;
			children = (
				EA76CECA29DEDCFA009EC960 /* SignUpAccountView.swift */,
				EA76CECD29DEDCFA009EC960 /* SignUpAvatarView.swift */,
				EA76CECC29DEDCFA009EC960 /* SignUpBirthdateView.swift */,
				EA76CECE29DEDCFA009EC960 /* SignUpGenderView.swift */,
				EA76CECF29DEDCFA009EC960 /* SignUpNameView.swift */,
				EA76CECB29DEDCFA009EC960 /* SignUpNationalityView.swift */,
			);
			path = SignUp;
			sourceTree = "<group>";
		};
		EA76CEE029DEE052009EC960 /* Model */ = {
			isa = PBXGroup;
			children = (
				EA76CEB229DEDC55009EC960 /* Countries.swift */,
			);
			path = Model;
			sourceTree = "<group>";
		};
/* End PBXGroup section */

/* Begin PBXNativeTarget section */
		EA76CE6D29DED63D009EC960 /* FingerCrossed */ = {
			isa = PBXNativeTarget;
			buildConfigurationList = EA76CE9229DED63E009EC960 /* Build configuration list for PBXNativeTarget "FingerCrossed" */;
			buildPhases = (
				EA76CE6A29DED63D009EC960 /* Sources */,
				EA76CE6B29DED63D009EC960 /* Frameworks */,
				EA76CE6C29DED63D009EC960 /* Resources */,
			);
			buildRules = (
			);
			dependencies = (
			);
			name = FingerCrossed;
			productName = FingerCrossed;
			productReference = EA76CE6E29DED63D009EC960 /* FingerCrossed.app */;
			productType = "com.apple.product-type.application";
		};
		EA76CE7D29DED63E009EC960 /* FingerCrossedTests */ = {
			isa = PBXNativeTarget;
			buildConfigurationList = EA76CE9529DED63E009EC960 /* Build configuration list for PBXNativeTarget "FingerCrossedTests" */;
			buildPhases = (
				EA76CE7A29DED63E009EC960 /* Sources */,
				EA76CE7B29DED63E009EC960 /* Frameworks */,
				EA76CE7C29DED63E009EC960 /* Resources */,
			);
			buildRules = (
			);
			dependencies = (
				EA76CE8029DED63E009EC960 /* PBXTargetDependency */,
			);
			name = FingerCrossedTests;
			productName = FingerCrossedTests;
			productReference = EA76CE7E29DED63E009EC960 /* FingerCrossedTests.xctest */;
			productType = "com.apple.product-type.bundle.unit-test";
		};
		EA76CE8729DED63E009EC960 /* FingerCrossedUITests */ = {
			isa = PBXNativeTarget;
			buildConfigurationList = EA76CE9829DED63E009EC960 /* Build configuration list for PBXNativeTarget "FingerCrossedUITests" */;
			buildPhases = (
				EA76CE8429DED63E009EC960 /* Sources */,
				EA76CE8529DED63E009EC960 /* Frameworks */,
				EA76CE8629DED63E009EC960 /* Resources */,
			);
			buildRules = (
			);
			dependencies = (
				EA76CE8A29DED63E009EC960 /* PBXTargetDependency */,
			);
			name = FingerCrossedUITests;
			productName = FingerCrossedUITests;
			productReference = EA76CE8829DED63E009EC960 /* FingerCrossedUITests.xctest */;
			productType = "com.apple.product-type.bundle.ui-testing";
		};
/* End PBXNativeTarget section */

/* Begin PBXProject section */
		EA76CE6629DED63D009EC960 /* Project object */ = {
			isa = PBXProject;
			attributes = {
				BuildIndependentTargetsInParallel = 1;
				LastSwiftUpdateCheck = 1420;
				LastUpgradeCheck = 1420;
				TargetAttributes = {
					EA76CE6D29DED63D009EC960 = {
						CreatedOnToolsVersion = 14.2;
					};
					EA76CE7D29DED63E009EC960 = {
						CreatedOnToolsVersion = 14.2;
						TestTargetID = EA76CE6D29DED63D009EC960;
					};
					EA76CE8729DED63E009EC960 = {
						CreatedOnToolsVersion = 14.2;
						TestTargetID = EA76CE6D29DED63D009EC960;
					};
				};
			};
			buildConfigurationList = EA76CE6929DED63D009EC960 /* Build configuration list for PBXProject "FingerCrossed" */;
			compatibilityVersion = "Xcode 14.0";
			developmentRegion = en;
			hasScannedForEncodings = 0;
			knownRegions = (
				en,
				Base,
			);
			mainGroup = EA76CE6529DED63D009EC960;
			productRefGroup = EA76CE6F29DED63D009EC960 /* Products */;
			projectDirPath = "";
			projectRoot = "";
			targets = (
				EA76CE6D29DED63D009EC960 /* FingerCrossed */,
				EA76CE7D29DED63E009EC960 /* FingerCrossedTests */,
				EA76CE8729DED63E009EC960 /* FingerCrossedUITests */,
			);
		};
/* End PBXProject section */

/* Begin PBXResourcesBuildPhase section */
		EA76CE6C29DED63D009EC960 /* Resources */ = {
			isa = PBXResourcesBuildPhase;
			buildActionMask = 2147483647;
			files = (
				EA76CEA029DED925009EC960 /* Countries.geojson in Resources */,
				EA76CEA729DEDA37009EC960 /* AzoSans-Bold.ttf in Resources */,
				EA76CE7929DED63E009EC960 /* Preview Assets.xcassets in Resources */,
				EA76CEA529DEDA2E009EC960 /* AzoSans-Regular.ttf in Resources */,
				EA76CE7629DED63E009EC960 /* Assets.xcassets in Resources */,
				EA76CEA329DEDA18009EC960 /* AzoSans-Medium.ttf in Resources */,
			);
			runOnlyForDeploymentPostprocessing = 0;
		};
		EA76CE7C29DED63E009EC960 /* Resources */ = {
			isa = PBXResourcesBuildPhase;
			buildActionMask = 2147483647;
			files = (
			);
			runOnlyForDeploymentPostprocessing = 0;
		};
		EA76CE8629DED63E009EC960 /* Resources */ = {
			isa = PBXResourcesBuildPhase;
			buildActionMask = 2147483647;
			files = (
			);
			runOnlyForDeploymentPostprocessing = 0;
		};
/* End PBXResourcesBuildPhase section */

/* Begin PBXSourcesBuildPhase section */
		EA76CE6A29DED63D009EC960 /* Sources */ = {
			isa = PBXSourcesBuildPhase;
			buildActionMask = 2147483647;
			files = (
				EA76CED429DEDCFA009EC960 /* SignUpGenderView.swift in Sources */,
				EA76CEC229DEDC56009EC960 /* IconButton.swift in Sources */,
				EA76CEC629DEDC56009EC960 /* DividerWithLabel.swift in Sources */,
				EA76CEA929DEDA5F009EC960 /* Extensions.swift in Sources */,
				EA76CED129DEDCFA009EC960 /* SignUpNationalityView.swift in Sources */,
				EA76CEC329DEDC56009EC960 /* PrimaryButton.swift in Sources */,
				EA76CEC529DEDC56009EC960 /* NationalityPickerView.swift in Sources */,
				EA76CEB129DEDBF9009EC960 /* EntryLogo.swift in Sources */,
				EA76CEBD29DEDC56009EC960 /* Countries.swift in Sources */,
				EA76CE7229DED63D009EC960 /* FingerCrossedApp.swift in Sources */,
				EA76CEC729DEDC56009EC960 /* ViewLink.swift in Sources */,
				EA76CEC429DEDC56009EC960 /* PrimaryInputBar.swift in Sources */,
				EA76CEDE29DEDD3A009EC960 /* LandingView.swift in Sources */,
				EA76CEC029DEDC56009EC960 /* DatePickerTextField.swift in Sources */,
				EA76CED529DEDCFA009EC960 /* SignUpNameView.swift in Sources */,
				EA76CEBF29DEDC56009EC960 /* InputHelper.swift in Sources */,
				EA76CEDD29DEDD3A009EC960 /* SignInView.swift in Sources */,
				EA76CEBE29DEDC56009EC960 /* SSOButton.swift in Sources */,
				EA76CED029DEDCFA009EC960 /* SignUpAccountView.swift in Sources */,
				EA76CED329DEDCFA009EC960 /* SignUpAvatarView.swift in Sources */,
				EA76CED229DEDCFA009EC960 /* SignUpBirthdateView.swift in Sources */,
				EA76CEC129DEDC56009EC960 /* RadioButton.swift in Sources */,
				EA76CEDF29DEDD3A009EC960 /* ResetPasswordView.swift in Sources */,
				EA76CEDB29DEDD3A009EC960 /* ResetPasswordEmailCheckView.swift in Sources */,
				EA76CEDC29DEDD3A009EC960 /* EntryView.swift in Sources */,
			);
			runOnlyForDeploymentPostprocessing = 0;
		};
		EA76CE7A29DED63E009EC960 /* Sources */ = {
			isa = PBXSourcesBuildPhase;
			buildActionMask = 2147483647;
			files = (
				EA76CE8329DED63E009EC960 /* FingerCrossedTests.swift in Sources */,
			);
			runOnlyForDeploymentPostprocessing = 0;
		};
		EA76CE8429DED63E009EC960 /* Sources */ = {
			isa = PBXSourcesBuildPhase;
			buildActionMask = 2147483647;
			files = (
				EA76CE8D29DED63E009EC960 /* FingerCrossedUITests.swift in Sources */,
				EA76CE8F29DED63E009EC960 /* FingerCrossedUITestsLaunchTests.swift in Sources */,
			);
			runOnlyForDeploymentPostprocessing = 0;
		};
/* End PBXSourcesBuildPhase section */

/* Begin PBXTargetDependency section */
		EA76CE8029DED63E009EC960 /* PBXTargetDependency */ = {
			isa = PBXTargetDependency;
			target = EA76CE6D29DED63D009EC960 /* FingerCrossed */;
			targetProxy = EA76CE7F29DED63E009EC960 /* PBXContainerItemProxy */;
		};
		EA76CE8A29DED63E009EC960 /* PBXTargetDependency */ = {
			isa = PBXTargetDependency;
			target = EA76CE6D29DED63D009EC960 /* FingerCrossed */;
			targetProxy = EA76CE8929DED63E009EC960 /* PBXContainerItemProxy */;
		};
/* End PBXTargetDependency section */

/* Begin XCBuildConfiguration section */
		EA76CE9029DED63E009EC960 /* Debug */ = {
			isa = XCBuildConfiguration;
			buildSettings = {
				ALWAYS_SEARCH_USER_PATHS = NO;
				CLANG_ANALYZER_NONNULL = YES;
				CLANG_ANALYZER_NUMBER_OBJECT_CONVERSION = YES_AGGRESSIVE;
				CLANG_CXX_LANGUAGE_STANDARD = "gnu++20";
				CLANG_ENABLE_MODULES = YES;
				CLANG_ENABLE_OBJC_ARC = YES;
				CLANG_ENABLE_OBJC_WEAK = YES;
				CLANG_WARN_BLOCK_CAPTURE_AUTORELEASING = YES;
				CLANG_WARN_BOOL_CONVERSION = YES;
				CLANG_WARN_COMMA = YES;
				CLANG_WARN_CONSTANT_CONVERSION = YES;
				CLANG_WARN_DEPRECATED_OBJC_IMPLEMENTATIONS = YES;
				CLANG_WARN_DIRECT_OBJC_ISA_USAGE = YES_ERROR;
				CLANG_WARN_DOCUMENTATION_COMMENTS = YES;
				CLANG_WARN_EMPTY_BODY = YES;
				CLANG_WARN_ENUM_CONVERSION = YES;
				CLANG_WARN_INFINITE_RECURSION = YES;
				CLANG_WARN_INT_CONVERSION = YES;
				CLANG_WARN_NON_LITERAL_NULL_CONVERSION = YES;
				CLANG_WARN_OBJC_IMPLICIT_RETAIN_SELF = YES;
				CLANG_WARN_OBJC_LITERAL_CONVERSION = YES;
				CLANG_WARN_OBJC_ROOT_CLASS = YES_ERROR;
				CLANG_WARN_QUOTED_INCLUDE_IN_FRAMEWORK_HEADER = YES;
				CLANG_WARN_RANGE_LOOP_ANALYSIS = YES;
				CLANG_WARN_STRICT_PROTOTYPES = YES;
				CLANG_WARN_SUSPICIOUS_MOVE = YES;
				CLANG_WARN_UNGUARDED_AVAILABILITY = YES_AGGRESSIVE;
				CLANG_WARN_UNREACHABLE_CODE = YES;
				CLANG_WARN__DUPLICATE_METHOD_MATCH = YES;
				COPY_PHASE_STRIP = NO;
				DEBUG_INFORMATION_FORMAT = dwarf;
				ENABLE_STRICT_OBJC_MSGSEND = YES;
				ENABLE_TESTABILITY = YES;
				GCC_C_LANGUAGE_STANDARD = gnu11;
				GCC_DYNAMIC_NO_PIC = NO;
				GCC_NO_COMMON_BLOCKS = YES;
				GCC_OPTIMIZATION_LEVEL = 0;
				GCC_PREPROCESSOR_DEFINITIONS = (
					"DEBUG=1",
					"$(inherited)",
				);
				GCC_WARN_64_TO_32_BIT_CONVERSION = YES;
				GCC_WARN_ABOUT_RETURN_TYPE = YES_ERROR;
				GCC_WARN_UNDECLARED_SELECTOR = YES;
				GCC_WARN_UNINITIALIZED_AUTOS = YES_AGGRESSIVE;
				GCC_WARN_UNUSED_FUNCTION = YES;
				GCC_WARN_UNUSED_VARIABLE = YES;
				IPHONEOS_DEPLOYMENT_TARGET = 16.2;
				MTL_ENABLE_DEBUG_INFO = INCLUDE_SOURCE;
				MTL_FAST_MATH = YES;
				ONLY_ACTIVE_ARCH = YES;
				SDKROOT = iphoneos;
				SWIFT_ACTIVE_COMPILATION_CONDITIONS = DEBUG;
				SWIFT_OPTIMIZATION_LEVEL = "-Onone";
			};
			name = Debug;
		};
		EA76CE9129DED63E009EC960 /* Release */ = {
			isa = XCBuildConfiguration;
			buildSettings = {
				ALWAYS_SEARCH_USER_PATHS = NO;
				CLANG_ANALYZER_NONNULL = YES;
				CLANG_ANALYZER_NUMBER_OBJECT_CONVERSION = YES_AGGRESSIVE;
				CLANG_CXX_LANGUAGE_STANDARD = "gnu++20";
				CLANG_ENABLE_MODULES = YES;
				CLANG_ENABLE_OBJC_ARC = YES;
				CLANG_ENABLE_OBJC_WEAK = YES;
				CLANG_WARN_BLOCK_CAPTURE_AUTORELEASING = YES;
				CLANG_WARN_BOOL_CONVERSION = YES;
				CLANG_WARN_COMMA = YES;
				CLANG_WARN_CONSTANT_CONVERSION = YES;
				CLANG_WARN_DEPRECATED_OBJC_IMPLEMENTATIONS = YES;
				CLANG_WARN_DIRECT_OBJC_ISA_USAGE = YES_ERROR;
				CLANG_WARN_DOCUMENTATION_COMMENTS = YES;
				CLANG_WARN_EMPTY_BODY = YES;
				CLANG_WARN_ENUM_CONVERSION = YES;
				CLANG_WARN_INFINITE_RECURSION = YES;
				CLANG_WARN_INT_CONVERSION = YES;
				CLANG_WARN_NON_LITERAL_NULL_CONVERSION = YES;
				CLANG_WARN_OBJC_IMPLICIT_RETAIN_SELF = YES;
				CLANG_WARN_OBJC_LITERAL_CONVERSION = YES;
				CLANG_WARN_OBJC_ROOT_CLASS = YES_ERROR;
				CLANG_WARN_QUOTED_INCLUDE_IN_FRAMEWORK_HEADER = YES;
				CLANG_WARN_RANGE_LOOP_ANALYSIS = YES;
				CLANG_WARN_STRICT_PROTOTYPES = YES;
				CLANG_WARN_SUSPICIOUS_MOVE = YES;
				CLANG_WARN_UNGUARDED_AVAILABILITY = YES_AGGRESSIVE;
				CLANG_WARN_UNREACHABLE_CODE = YES;
				CLANG_WARN__DUPLICATE_METHOD_MATCH = YES;
				COPY_PHASE_STRIP = NO;
				DEBUG_INFORMATION_FORMAT = "dwarf-with-dsym";
				ENABLE_NS_ASSERTIONS = NO;
				ENABLE_STRICT_OBJC_MSGSEND = YES;
				GCC_C_LANGUAGE_STANDARD = gnu11;
				GCC_NO_COMMON_BLOCKS = YES;
				GCC_WARN_64_TO_32_BIT_CONVERSION = YES;
				GCC_WARN_ABOUT_RETURN_TYPE = YES_ERROR;
				GCC_WARN_UNDECLARED_SELECTOR = YES;
				GCC_WARN_UNINITIALIZED_AUTOS = YES_AGGRESSIVE;
				GCC_WARN_UNUSED_FUNCTION = YES;
				GCC_WARN_UNUSED_VARIABLE = YES;
				IPHONEOS_DEPLOYMENT_TARGET = 16.2;
				MTL_ENABLE_DEBUG_INFO = NO;
				MTL_FAST_MATH = YES;
				SDKROOT = iphoneos;
				SWIFT_COMPILATION_MODE = wholemodule;
				SWIFT_OPTIMIZATION_LEVEL = "-O";
				VALIDATE_PRODUCT = YES;
			};
			name = Release;
		};
		EA76CE9329DED63E009EC960 /* Debug */ = {
			isa = XCBuildConfiguration;
			buildSettings = {
				ASSETCATALOG_COMPILER_APPICON_NAME = AppIcon;
				ASSETCATALOG_COMPILER_GLOBAL_ACCENT_COLOR_NAME = AccentColor;
				CODE_SIGN_STYLE = Automatic;
				CURRENT_PROJECT_VERSION = 1;
				DEVELOPMENT_ASSET_PATHS = "\"FingerCrossed/Preview Content\"";
				ENABLE_PREVIEWS = YES;
				GENERATE_INFOPLIST_FILE = YES;
				INFOPLIST_FILE = FingerCrossed/Info.plist;
				INFOPLIST_KEY_UIApplicationSceneManifest_Generation = YES;
				INFOPLIST_KEY_UIApplicationSupportsIndirectInputEvents = YES;
				INFOPLIST_KEY_UILaunchScreen_Generation = YES;
				INFOPLIST_KEY_UIStatusBarStyle = UIStatusBarStyleLightContent;
				INFOPLIST_KEY_UISupportedInterfaceOrientations_iPad = "UIInterfaceOrientationPortrait UIInterfaceOrientationPortraitUpsideDown UIInterfaceOrientationLandscapeLeft UIInterfaceOrientationLandscapeRight";
				INFOPLIST_KEY_UISupportedInterfaceOrientations_iPhone = "UIInterfaceOrientationPortrait UIInterfaceOrientationLandscapeLeft UIInterfaceOrientationLandscapeRight";
				LD_RUNPATH_SEARCH_PATHS = (
					"$(inherited)",
					"@executable_path/Frameworks",
				);
				MARKETING_VERSION = 1.0;
				PRODUCT_BUNDLE_IDENTIFIER = FingerCrossed.FingerCrossed;
				PRODUCT_NAME = "$(TARGET_NAME)";
				SWIFT_EMIT_LOC_STRINGS = YES;
				SWIFT_VERSION = 5.0;
				TARGETED_DEVICE_FAMILY = "1,2";
			};
			name = Debug;
		};
		EA76CE9429DED63E009EC960 /* Release */ = {
			isa = XCBuildConfiguration;
			buildSettings = {
				ASSETCATALOG_COMPILER_APPICON_NAME = AppIcon;
				ASSETCATALOG_COMPILER_GLOBAL_ACCENT_COLOR_NAME = AccentColor;
				CODE_SIGN_STYLE = Automatic;
				CURRENT_PROJECT_VERSION = 1;
				DEVELOPMENT_ASSET_PATHS = "\"FingerCrossed/Preview Content\"";
				ENABLE_PREVIEWS = YES;
				GENERATE_INFOPLIST_FILE = YES;
				INFOPLIST_FILE = FingerCrossed/Info.plist;
				INFOPLIST_KEY_UIApplicationSceneManifest_Generation = YES;
				INFOPLIST_KEY_UIApplicationSupportsIndirectInputEvents = YES;
				INFOPLIST_KEY_UILaunchScreen_Generation = YES;
				INFOPLIST_KEY_UIStatusBarStyle = UIStatusBarStyleLightContent;
				INFOPLIST_KEY_UISupportedInterfaceOrientations_iPad = "UIInterfaceOrientationPortrait UIInterfaceOrientationPortraitUpsideDown UIInterfaceOrientationLandscapeLeft UIInterfaceOrientationLandscapeRight";
				INFOPLIST_KEY_UISupportedInterfaceOrientations_iPhone = "UIInterfaceOrientationPortrait UIInterfaceOrientationLandscapeLeft UIInterfaceOrientationLandscapeRight";
				LD_RUNPATH_SEARCH_PATHS = (
					"$(inherited)",
					"@executable_path/Frameworks",
				);
				MARKETING_VERSION = 1.0;
				PRODUCT_BUNDLE_IDENTIFIER = FingerCrossed.FingerCrossed;
				PRODUCT_NAME = "$(TARGET_NAME)";
				SWIFT_EMIT_LOC_STRINGS = YES;
				SWIFT_VERSION = 5.0;
				TARGETED_DEVICE_FAMILY = "1,2";
			};
			name = Release;
		};
		EA76CE9629DED63E009EC960 /* Debug */ = {
			isa = XCBuildConfiguration;
			buildSettings = {
				ALWAYS_EMBED_SWIFT_STANDARD_LIBRARIES = YES;
				BUNDLE_LOADER = "$(TEST_HOST)";
				CODE_SIGN_STYLE = Automatic;
				CURRENT_PROJECT_VERSION = 1;
				GENERATE_INFOPLIST_FILE = YES;
				IPHONEOS_DEPLOYMENT_TARGET = 16.2;
				MARKETING_VERSION = 1.0;
				PRODUCT_BUNDLE_IDENTIFIER = FingerCrossed.FingerCrossedTests;
				PRODUCT_NAME = "$(TARGET_NAME)";
				SWIFT_EMIT_LOC_STRINGS = NO;
				SWIFT_VERSION = 5.0;
				TARGETED_DEVICE_FAMILY = "1,2";
				TEST_HOST = "$(BUILT_PRODUCTS_DIR)/FingerCrossed.app/$(BUNDLE_EXECUTABLE_FOLDER_PATH)/FingerCrossed";
			};
			name = Debug;
		};
		EA76CE9729DED63E009EC960 /* Release */ = {
			isa = XCBuildConfiguration;
			buildSettings = {
				ALWAYS_EMBED_SWIFT_STANDARD_LIBRARIES = YES;
				BUNDLE_LOADER = "$(TEST_HOST)";
				CODE_SIGN_STYLE = Automatic;
				CURRENT_PROJECT_VERSION = 1;
				GENERATE_INFOPLIST_FILE = YES;
				IPHONEOS_DEPLOYMENT_TARGET = 16.2;
				MARKETING_VERSION = 1.0;
				PRODUCT_BUNDLE_IDENTIFIER = FingerCrossed.FingerCrossedTests;
				PRODUCT_NAME = "$(TARGET_NAME)";
				SWIFT_EMIT_LOC_STRINGS = NO;
				SWIFT_VERSION = 5.0;
				TARGETED_DEVICE_FAMILY = "1,2";
				TEST_HOST = "$(BUILT_PRODUCTS_DIR)/FingerCrossed.app/$(BUNDLE_EXECUTABLE_FOLDER_PATH)/FingerCrossed";
			};
			name = Release;
		};
		EA76CE9929DED63E009EC960 /* Debug */ = {
			isa = XCBuildConfiguration;
			buildSettings = {
				ALWAYS_EMBED_SWIFT_STANDARD_LIBRARIES = YES;
				CODE_SIGN_STYLE = Automatic;
				CURRENT_PROJECT_VERSION = 1;
				GENERATE_INFOPLIST_FILE = YES;
				MARKETING_VERSION = 1.0;
				PRODUCT_BUNDLE_IDENTIFIER = FingerCrossed.FingerCrossedUITests;
				PRODUCT_NAME = "$(TARGET_NAME)";
				SWIFT_EMIT_LOC_STRINGS = NO;
				SWIFT_VERSION = 5.0;
				TARGETED_DEVICE_FAMILY = "1,2";
				TEST_TARGET_NAME = FingerCrossed;
			};
			name = Debug;
		};
		EA76CE9A29DED63E009EC960 /* Release */ = {
			isa = XCBuildConfiguration;
			buildSettings = {
				ALWAYS_EMBED_SWIFT_STANDARD_LIBRARIES = YES;
				CODE_SIGN_STYLE = Automatic;
				CURRENT_PROJECT_VERSION = 1;
				GENERATE_INFOPLIST_FILE = YES;
				MARKETING_VERSION = 1.0;
				PRODUCT_BUNDLE_IDENTIFIER = FingerCrossed.FingerCrossedUITests;
				PRODUCT_NAME = "$(TARGET_NAME)";
				SWIFT_EMIT_LOC_STRINGS = NO;
				SWIFT_VERSION = 5.0;
				TARGETED_DEVICE_FAMILY = "1,2";
				TEST_TARGET_NAME = FingerCrossed;
			};
			name = Release;
		};
/* End XCBuildConfiguration section */

/* Begin XCConfigurationList section */
		EA76CE6929DED63D009EC960 /* Build configuration list for PBXProject "FingerCrossed" */ = {
			isa = XCConfigurationList;
			buildConfigurations = (
				EA76CE9029DED63E009EC960 /* Debug */,
				EA76CE9129DED63E009EC960 /* Release */,
			);
			defaultConfigurationIsVisible = 0;
			defaultConfigurationName = Release;
		};
		EA76CE9229DED63E009EC960 /* Build configuration list for PBXNativeTarget "FingerCrossed" */ = {
			isa = XCConfigurationList;
			buildConfigurations = (
				EA76CE9329DED63E009EC960 /* Debug */,
				EA76CE9429DED63E009EC960 /* Release */,
			);
			defaultConfigurationIsVisible = 0;
			defaultConfigurationName = Release;
		};
		EA76CE9529DED63E009EC960 /* Build configuration list for PBXNativeTarget "FingerCrossedTests" */ = {
			isa = XCConfigurationList;
			buildConfigurations = (
				EA76CE9629DED63E009EC960 /* Debug */,
				EA76CE9729DED63E009EC960 /* Release */,
			);
			defaultConfigurationIsVisible = 0;
			defaultConfigurationName = Release;
		};
		EA76CE9829DED63E009EC960 /* Build configuration list for PBXNativeTarget "FingerCrossedUITests" */ = {
			isa = XCConfigurationList;
			buildConfigurations = (
				EA76CE9929DED63E009EC960 /* Debug */,
				EA76CE9A29DED63E009EC960 /* Release */,
			);
			defaultConfigurationIsVisible = 0;
			defaultConfigurationName = Release;
		};
/* End XCConfigurationList section */
	};
	rootObject = EA76CE6629DED63D009EC960 /* Project object */;
}
